
Microsoft Visual Studio Solution File, Format Version 12.00
# Visual Studio Version 17
VisualStudioVersion = 17.4.33213.308
MinimumVisualStudioVersion = 10.0.40219.1
Project("{9A19103F-16F7-4668-BE54-9A1E7A4F7556}") = "TravelingWebApi", "PracticeWebApi\TravelingWebApi.csproj", "{62D537C2-9DC7-46A8-A543-FD3ED8955082}"
EndProject
Global
	GlobalSection(SolutionConfigurationPlatforms) = preSolution
		Debug|Any CPU = Debug|Any CPU
		Release|Any CPU = Release|Any CPU
	EndGlobalSection
	GlobalSection(ProjectConfigurationPlatforms) = postSolution
		{62D537C2-9DC7-46A8-A543-FD3ED8955082}.Debug|Any CPU.ActiveCfg = Debug|Any CPU
		{62D537C2-9DC7-46A8-A543-FD3ED8955082}.Debug|Any CPU.Build.0 = Debug|Any CPU
		{62D537C2-9DC7-46A8-A543-FD3ED8955082}.Release|Any CPU.ActiveCfg = Release|Any CPU
		{62D537C2-9DC7-46A8-A543-FD3ED8955082}.Release|Any CPU.Build.0 = Release|Any CPU
	EndGlobalSection
	GlobalSection(SolutionProperties) = preSolution
		HideSolutionNode = FALSE
	EndGlobalSection
	GlobalSection(ExtensibilityGlobals) = postSolution
		SolutionGuid = {27593C16-924C-45EF-AF9C-5AC24388993B}
	EndGlobalSection
EndGlobal
